{
  "nodes": {
    "darwin": {
      "inputs": {
        "nixpkgs": [
          "nixpkgs"
        ]
      },
      "locked": {
        "lastModified": 1695114819,
        "narHash": "sha256-/aIfbZxP39QZ8m7qX2RzQTy5PWzz2e22cCcZ+AOO7lA=",
        "owner": "lnl7",
        "repo": "nix-darwin",
        "rev": "afeddc412b3a3b0e7c9ef7ea5fbdf2186781d102",
        "type": "github"
      },
      "original": {
        "owner": "lnl7",
        "repo": "nix-darwin",
        "type": "github"
      }
    },
    "home-manager": {
      "inputs": {
        "nixpkgs": [
          "nixpkgs"
        ]
      },
      "locked": {
        "lastModified": 1695108154,
        "narHash": "sha256-gSg7UTVtls2yO9lKtP0yb66XBHT1Fx5qZSZbGMpSn2c=",
        "owner": "nix-community",
        "repo": "home-manager",
        "rev": "07682fff75d41f18327a871088d20af2710d4744",
        "type": "github"
      },
      "original": {
        "owner": "nix-community",
        "ref": "release-23.05",
        "repo": "home-manager",
        "type": "github"
      }
    },
    "micnncim-nur": {
      "inputs": {
        "nixpkgs": "nixpkgs"
      },
      "locked": {
        "lastModified": 1693922373,
        "narHash": "sha256-OmBwXI7lvNbL4Uvm9DIlRj3cW9a7f5qzr2VnCk5yt5w=",
        "owner": "micnncim",
        "repo": "nur",
        "rev": "e3788f5132e890b545824fc6fd724930a799c533",
        "type": "github"
      },
      "original": {
        "owner": "micnncim",
        "repo": "nur",
        "type": "github"
      }
    },
    "nixpkgs": {
      "locked": {
        "lastModified": 1691003216,
        "narHash": "sha256-Qq/MPkhS12Bl0X060pPvX3v9ac3f2rRQfHjjozPh/Qs=",
        "owner": "NixOS",
        "repo": "nixpkgs",
        "rev": "4a56ce9727a0c5478a836a0d8a8f641c5b9a3d5f",
        "type": "github"
      },
      "original": {
        "owner": "NixOS",
        "ref": "nixpkgs-unstable",
        "repo": "nixpkgs",
        "type": "github"
      }
    },
    "nixpkgs-unstable": {
      "locked": {
        "lastModified": 1695227375,
        "narHash": "sha256-76WTkeCu3npPZDkay2hB2Dj3cOuCiF0P41dbmXWUKtA=",
        "owner": "nixos",
        "repo": "nixpkgs",
        "rev": "fe977679240ac2027b151ecca1bc6ce808c2e8af",
        "type": "github"
      },
      "original": {
        "owner": "nixos",
        "ref": "nixpkgs-unstable",
        "repo": "nixpkgs",
        "type": "github"
      }
    },
    "nixpkgs_2": {
      "locked": {
        "lastModified": 1695389217,
        "narHash": "sha256-0aLDi/kg9TKn7RZZ3yXBpyGu1wUrD2d7RdQrFTGWK8Q=",
        "owner": "nixos",
        "repo": "nixpkgs",
        "rev": "ba429b3a64f02b7539cfb0caa70b1303356aeb54",
        "type": "github"
      },
      "original": {
        "owner": "nixos",
        "ref": "release-23.05",
        "repo": "nixpkgs",
        "type": "github"
      }
    },
    "nur": {
      "locked": {
        "lastModified": 1695391212,
        "narHash": "sha256-GZr4be0hIJ3ubIB5EuxLTUwTbBxiD98VR4GogyNgkAg=",
        "owner": "nix-community",
        "repo": "NUR",
        "rev": "4ab0274bae55d4ea22f40c4c48ea9fd162d5f6a0",
        "type": "github"
      },
      "original": {
        "owner": "nix-community",
        "repo": "NUR",
        "type": "github"
      }
    },
    "root": {
      "inputs": {
        "darwin": "darwin",
        "home-manager": "home-manager",
        "micnncim-nur": "micnncim-nur",
        "nixpkgs": "nixpkgs_2",
        "nixpkgs-unstable": "nixpkgs-unstable",
        "nur": "nur"
      }
    }
  },
  "root": "root",
  "version": 7
}
