{
  "nodes": {
    "darwin": {
      "inputs": {
        "nixpkgs": [
          "nixpkgs"
        ]
      },
      "locked": {
        "lastModified": 1691012184,
        "narHash": "sha256-AYxPkarxZPs18qSKPjT4t8flmgeyu3DcoLGMkeiWtvk=",
        "owner": "lnl7",
        "repo": "nix-darwin",
        "rev": "d3529322dcaaddf0c50cb277c9c2a355f3a36a3b",
        "type": "github"
      },
      "original": {
        "owner": "lnl7",
        "repo": "nix-darwin",
        "type": "github"
      }
    },
    "home-manager": {
      "inputs": {
        "nixpkgs": [
          "nixpkgs"
        ]
      },
      "locked": {
        "lastModified": 1687871164,
        "narHash": "sha256-bBFlPthuYX322xOlpJvkjUBz0C+MOBjZdDOOJJ+G2jU=",
        "owner": "nix-community",
        "repo": "home-manager",
        "rev": "07c347bb50994691d7b0095f45ebd8838cf6bc38",
        "type": "github"
      },
      "original": {
        "owner": "nix-community",
        "ref": "release-23.05",
        "repo": "home-manager",
        "type": "github"
      }
    },
    "nixpkgs": {
      "locked": {
        "lastModified": 1691119371,
        "narHash": "sha256-MMH1/c4fmlXR3cUk6W/YS6IdBg8YISCCvw3vIs9W9Tk=",
        "owner": "nixos",
        "repo": "nixpkgs",
        "rev": "4bef9baf0c00633fb02330509e7101a82b7629e4",
        "type": "github"
      },
      "original": {
        "owner": "nixos",
        "ref": "release-23.05",
        "repo": "nixpkgs",
        "type": "github"
      }
    },
    "nixpkgs-unstable": {
      "locked": {
        "lastModified": 1691003216,
        "narHash": "sha256-Qq/MPkhS12Bl0X060pPvX3v9ac3f2rRQfHjjozPh/Qs=",
        "owner": "nixos",
        "repo": "nixpkgs",
        "rev": "4a56ce9727a0c5478a836a0d8a8f641c5b9a3d5f",
        "type": "github"
      },
      "original": {
        "owner": "nixos",
        "ref": "nixpkgs-unstable",
        "repo": "nixpkgs",
        "type": "github"
      }
    },
    "root": {
      "inputs": {
        "darwin": "darwin",
        "home-manager": "home-manager",
        "nixpkgs": "nixpkgs",
        "nixpkgs-unstable": "nixpkgs-unstable"
      }
    }
  },
  "root": "root",
  "version": 7
}
